github.com/Andrey2246/containers v0.0.0-20231113172830-5843c390f9e2 h1:miwU2busLVsuz6+BfxIYugFIR/4w/SLrUT6WDmzf6gM=
github.com/Andrey2246/containers v0.0.0-20231113172830-5843c390f9e2/go.mod h1:OTjX2xIiHa6oSZT/u3yDD+V40Ml/JeKXo0QbM7macYk=
github.com/Andrey2246/containers v0.0.0-20231114160535-0876f2c86c31 h1:ZtKe9vUYygWvBrcp8ohB9oHX0l28ugkY0HvjnHRoeVY=
github.com/Andrey2246/containers v0.0.0-20231114160535-0876f2c86c31/go.mod h1:OTjX2xIiHa6oSZT/u3yDD+V40Ml/JeKXo0QbM7macYk=
